
Microsoft Visual Studio Solution File, Format Version 12.00
# Visual Studio Version 17
VisualStudioVersion = 17.3.32901.215
MinimumVisualStudioVersion = 10.0.40219.1
Project("{9A19103F-16F7-4668-BE54-9A1E7A4F7556}") = "GimbalControlLIB", "GimbalControlLIB\GimbalControlLIB.csproj", "{B1922779-0239-4955-82D4-C7CCFE676B0A}"
EndProject
Project("{9A19103F-16F7-4668-BE54-9A1E7A4F7556}") = "GimbalControlTester", "GimbalControlTester\GimbalControlTester.csproj", "{A8E856BD-C3F1-464E-9134-7A2FA2E8CB20}"
EndProject
Project("{9A19103F-16F7-4668-BE54-9A1E7A4F7556}") = "GimbalControlTesterConsole", "GimbalControlTesterConsole\GimbalControlTesterConsole.csproj", "{BCEE90E7-916D-499C-964F-6EDD2D4B9F86}"
EndProject
Project("{9A19103F-16F7-4668-BE54-9A1E7A4F7556}") = "GimbalControlTesterAvalonia", "GimbalControlTesterAvalonia\GimbalControlTesterAvalonia.csproj", "{622ECCB9-7743-4BA9-B67E-8A254B94F821}"
EndProject
Project("{9A19103F-16F7-4668-BE54-9A1E7A4F7556}") = "Avalonia.NETCoreMVVMApp1", "Avalonia.NETCoreMVVMApp1\Avalonia.NETCoreMVVMApp1.csproj", "{B621A514-36A0-4EEA-BA98-FB6CFAB7C85B}"
EndProject
Project("{9A19103F-16F7-4668-BE54-9A1E7A4F7556}") = "Avalonia.NETCoreApp1", "Avalonia.NETCoreApp1\Avalonia.NETCoreApp1.csproj", "{6467778A-1112-4543-BBBD-725FAC4B0BD3}"
EndProject
Global
	GlobalSection(SolutionConfigurationPlatforms) = preSolution
		Debug|Any CPU = Debug|Any CPU
		Release|Any CPU = Release|Any CPU
	EndGlobalSection
	GlobalSection(ProjectConfigurationPlatforms) = postSolution
		{B1922779-0239-4955-82D4-C7CCFE676B0A}.Debug|Any CPU.ActiveCfg = Debug|Any CPU
		{B1922779-0239-4955-82D4-C7CCFE676B0A}.Debug|Any CPU.Build.0 = Debug|Any CPU
		{B1922779-0239-4955-82D4-C7CCFE676B0A}.Release|Any CPU.ActiveCfg = Release|Any CPU
		{B1922779-0239-4955-82D4-C7CCFE676B0A}.Release|Any CPU.Build.0 = Release|Any CPU
		{A8E856BD-C3F1-464E-9134-7A2FA2E8CB20}.Debug|Any CPU.ActiveCfg = Debug|Any CPU
		{A8E856BD-C3F1-464E-9134-7A2FA2E8CB20}.Debug|Any CPU.Build.0 = Debug|Any CPU
		{A8E856BD-C3F1-464E-9134-7A2FA2E8CB20}.Release|Any CPU.ActiveCfg = Release|Any CPU
		{A8E856BD-C3F1-464E-9134-7A2FA2E8CB20}.Release|Any CPU.Build.0 = Release|Any CPU
		{BCEE90E7-916D-499C-964F-6EDD2D4B9F86}.Debug|Any CPU.ActiveCfg = Debug|Any CPU
		{BCEE90E7-916D-499C-964F-6EDD2D4B9F86}.Debug|Any CPU.Build.0 = Debug|Any CPU
		{BCEE90E7-916D-499C-964F-6EDD2D4B9F86}.Release|Any CPU.ActiveCfg = Release|Any CPU
		{BCEE90E7-916D-499C-964F-6EDD2D4B9F86}.Release|Any CPU.Build.0 = Release|Any CPU
		{622ECCB9-7743-4BA9-B67E-8A254B94F821}.Debug|Any CPU.ActiveCfg = Debug|Any CPU
		{622ECCB9-7743-4BA9-B67E-8A254B94F821}.Debug|Any CPU.Build.0 = Debug|Any CPU
		{622ECCB9-7743-4BA9-B67E-8A254B94F821}.Release|Any CPU.ActiveCfg = Release|Any CPU
		{622ECCB9-7743-4BA9-B67E-8A254B94F821}.Release|Any CPU.Build.0 = Release|Any CPU
		{B621A514-36A0-4EEA-BA98-FB6CFAB7C85B}.Debug|Any CPU.ActiveCfg = Debug|Any CPU
		{B621A514-36A0-4EEA-BA98-FB6CFAB7C85B}.Debug|Any CPU.Build.0 = Debug|Any CPU
		{B621A514-36A0-4EEA-BA98-FB6CFAB7C85B}.Release|Any CPU.ActiveCfg = Release|Any CPU
		{B621A514-36A0-4EEA-BA98-FB6CFAB7C85B}.Release|Any CPU.Build.0 = Release|Any CPU
		{6467778A-1112-4543-BBBD-725FAC4B0BD3}.Debug|Any CPU.ActiveCfg = Debug|Any CPU
		{6467778A-1112-4543-BBBD-725FAC4B0BD3}.Debug|Any CPU.Build.0 = Debug|Any CPU
		{6467778A-1112-4543-BBBD-725FAC4B0BD3}.Release|Any CPU.ActiveCfg = Release|Any CPU
		{6467778A-1112-4543-BBBD-725FAC4B0BD3}.Release|Any CPU.Build.0 = Release|Any CPU
	EndGlobalSection
	GlobalSection(SolutionProperties) = preSolution
		HideSolutionNode = FALSE
	EndGlobalSection
	GlobalSection(ExtensibilityGlobals) = postSolution
		SolutionGuid = {9CE3DB12-59D2-43A1-90BC-1B64F4BF3A26}
	EndGlobalSection
EndGlobal
